
Microsoft Visual Studio Solution File, Format Version 12.00
# Visual Studio Version 16
VisualStudioVersion = 16.0.31624.102
MinimumVisualStudioVersion = 10.0.40219.1
Project("{9A19103F-16F7-4668-BE54-9A1E7A4F7556}") = "CMSAPI", "CMSAPI\CMSAPI.csproj", "{08963F57-1842-4BF1-8425-E070AC896DCE}"
EndProject
Project("{FAE04EC0-301F-11D3-BF4B-00C04F79EFBC}") = "CMSAdmin", "CMSAdmin\CMSAdmin.csproj", "{88273B08-C791-46DF-BFED-71E572ABA1D3}"
EndProject
Global
	GlobalSection(SolutionConfigurationPlatforms) = preSolution
		Debug|Any CPU = Debug|Any CPU
		Release|Any CPU = Release|Any CPU
	EndGlobalSection
	GlobalSection(ProjectConfigurationPlatforms) = postSolution
		{08963F57-1842-4BF1-8425-E070AC896DCE}.Debug|Any CPU.ActiveCfg = Debug|Any CPU
		{08963F57-1842-4BF1-8425-E070AC896DCE}.Debug|Any CPU.Build.0 = Debug|Any CPU
		{08963F57-1842-4BF1-8425-E070AC896DCE}.Release|Any CPU.ActiveCfg = Release|Any CPU
		{08963F57-1842-4BF1-8425-E070AC896DCE}.Release|Any CPU.Build.0 = Release|Any CPU
		{88273B08-C791-46DF-BFED-71E572ABA1D3}.Debug|Any CPU.ActiveCfg = Debug|Any CPU
		{88273B08-C791-46DF-BFED-71E572ABA1D3}.Debug|Any CPU.Build.0 = Debug|Any CPU
		{88273B08-C791-46DF-BFED-71E572ABA1D3}.Release|Any CPU.ActiveCfg = Release|Any CPU
		{88273B08-C791-46DF-BFED-71E572ABA1D3}.Release|Any CPU.Build.0 = Release|Any CPU
	EndGlobalSection
	GlobalSection(SolutionProperties) = preSolution
		HideSolutionNode = FALSE
	EndGlobalSection
	GlobalSection(ExtensibilityGlobals) = postSolution
		SolutionGuid = {66C51EB9-AAC4-49B9-BB39-E0EE7D77CB14}
	EndGlobalSection
EndGlobal
